// !$*UTF8*$!
{
	archiveVersion = 1;
	classes = {
	};
	objectVersion = 54;
	objects = {

/* Begin PBXBuildFile section */
		4A795C6279E16AF2733199A6 /* Pods_RedMoon2021.framework in Frameworks */ = {isa = PBXBuildFile; fileRef = 69BCBBFDE6DADC00ABCE930B /* Pods_RedMoon2021.framework */; };
/* End PBXBuildFile section */

/* Begin PBXContainerItemProxy section */
		06CDF07F2CCFE62D00624948 /* PBXContainerItemProxy */ = {
			isa = PBXContainerItemProxy;
			containerPortal = 06CDF0772CCFE62C00624948 /* RedMoon2021.xcodeproj */;
			proxyType = 2;
			remoteGlobalIDString = 069BB00526E9F6A700F4E00D;
			remoteInfo = RedMoon2021;
		};
		06CDF0812CCFE62D00624948 /* PBXContainerItemProxy */ = {
			isa = PBXContainerItemProxy;
			containerPortal = 06CDF0772CCFE62C00624948 /* RedMoon2021.xcodeproj */;
			proxyType = 2;
			remoteGlobalIDString = 06FE45FE29C5E819005558DB;
			remoteInfo = RedMoon2021Tests;
		};
		06CDF0832CCFE62D00624948 /* PBXContainerItemProxy */ = {
			isa = PBXContainerItemProxy;
			containerPortal = 06CDF0772CCFE62C00624948 /* RedMoon2021.xcodeproj */;
			proxyType = 2;
			remoteGlobalIDString = 06FE460B29C5E908005558DB;
			remoteInfo = RedMoon2021UITests;
		};
/* End PBXContainerItemProxy section */

/* Begin PBXFileReference section */
		062F81F7292FDB7B002C00F4 /* RxSwift.framework */ = {isa = PBXFileReference; explicitFileType = wrapper.framework; path = RxSwift.framework; sourceTree = BUILT_PRODUCTS_DIR; };
		069BB00526E9F6A700F4E00D /* OtokuEveryday.app */ = {isa = PBXFileReference; explicitFileType = wrapper.application; includeInIndex = 0; path = OtokuEveryday.app; sourceTree = BUILT_PRODUCTS_DIR; };
		06CDF0772CCFE62C00624948 /* RedMoon2021.xcodeproj */ = {isa = PBXFileReference; lastKnownFileType = "wrapper.pb-project"; path = RedMoon2021.xcodeproj; sourceTree = "<group>"; };
		69BCBBFDE6DADC00ABCE930B /* Pods_RedMoon2021.framework */ = {isa = PBXFileReference; explicitFileType = wrapper.framework; includeInIndex = 0; path = Pods_RedMoon2021.framework; sourceTree = BUILT_PRODUCTS_DIR; };
		98F755B2A63F2185C6476F8B /* Pods-RedMoon2021.debug.xcconfig */ = {isa = PBXFileReference; includeInIndex = 1; lastKnownFileType = text.xcconfig; name = "Pods-RedMoon2021.debug.xcconfig"; path = "Target Support Files/Pods-RedMoon2021/Pods-RedMoon2021.debug.xcconfig"; sourceTree = "<group>"; };
		E3416715B6B02577B8D1E2AC /* Pods-RedMoon2021.release.xcconfig */ = {isa = PBXFileReference; includeInIndex = 1; lastKnownFileType = text.xcconfig; name = "Pods-RedMoon2021.release.xcconfig"; path = "Target Support Files/Pods-RedMoon2021/Pods-RedMoon2021.release.xcconfig"; sourceTree = "<group>"; };
/* End PBXFileReference section */

/* Begin PBXFrameworksBuildPhase section */
		069BB00226E9F6A700F4E00D /* Frameworks */ = {
			isa = PBXFrameworksBuildPhase;
			buildActionMask = 2147483647;
			files = (
				4A795C6279E16AF2733199A6 /* Pods_RedMoon2021.framework in Frameworks */,
			);
			runOnlyForDeploymentPostprocessing = 0;
		};
/* End PBXFrameworksBuildPhase section */

/* Begin PBXGroup section */
		069BAFFC26E9F6A700F4E00D = {
			isa = PBXGroup;
			children = (
				06CDF0772CCFE62C00624948 /* RedMoon2021.xcodeproj */,
				069BB00626E9F6A700F4E00D /* Products */,
				3C9A52F6A751DC41FA5B8F3D /* Pods */,
				784C42D28CACFA154924FF3D /* Frameworks */,
			);
			sourceTree = "<group>";
		};
		069BB00626E9F6A700F4E00D /* Products */ = {
			isa = PBXGroup;
			children = (
				069BB00526E9F6A700F4E00D /* OtokuEveryday.app */,
			);
			name = Products;
			sourceTree = "<group>";
		};
		06CDF07A2CCFE62C00624948 /* Products */ = {
			isa = PBXGroup;
			children = (
				06CDF0802CCFE62D00624948 /* RedMoon2021.app */,
				06CDF0822CCFE62D00624948 /* RedMoon2021Tests_1.xctest */,
				06CDF0842CCFE62D00624948 /* RedMoon2021UITests.xctest */,
			);
			name = Products;
			sourceTree = "<group>";
		};
		3C9A52F6A751DC41FA5B8F3D /* Pods */ = {
			isa = PBXGroup;
			children = (
				98F755B2A63F2185C6476F8B /* Pods-RedMoon2021.debug.xcconfig */,
				E3416715B6B02577B8D1E2AC /* Pods-RedMoon2021.release.xcconfig */,
			);
			path = Pods;
			sourceTree = "<group>";
		};
		784C42D28CACFA154924FF3D /* Frameworks */ = {
			isa = PBXGroup;
			children = (
				062F81F7292FDB7B002C00F4 /* RxSwift.framework */,
				69BCBBFDE6DADC00ABCE930B /* Pods_RedMoon2021.framework */,
			);
			name = Frameworks;
			sourceTree = "<group>";
		};
/* End PBXGroup section */

/* Begin PBXNativeTarget section */
		069BB00426E9F6A700F4E00D /* OtokuEveryday */ = {
			isa = PBXNativeTarget;
			buildConfigurationList = 069BB01926E9F6A800F4E00D /* Build configuration list for PBXNativeTarget "OtokuEveryday" */;
			buildPhases = (
				7579A7DEA2594CDC3D8C2128 /* [CP] Check Pods Manifest.lock */,
				069BB00126E9F6A700F4E00D /* Sources */,
				069BB00226E9F6A700F4E00D /* Frameworks */,
				069BB00326E9F6A700F4E00D /* Resources */,
				499D4C0652D6EAFED4BF7C5B /* [CP] Embed Pods Frameworks */,
			);
			buildRules = (
			);
			dependencies = (
			);
			name = OtokuEveryday;
			productName = RedMoon2021;
			productReference = 069BB00526E9F6A700F4E00D /* OtokuEveryday.app */;
			productType = "com.apple.product-type.application";
		};
/* End PBXNativeTarget section */

/* Begin PBXProject section */
		069BAFFD26E9F6A700F4E00D /* Project object */ = {
			isa = PBXProject;
			attributes = {
				LastSwiftUpdateCheck = 1250;
				LastUpgradeCheck = 1250;
				TargetAttributes = {
					069BB00426E9F6A700F4E00D = {
						CreatedOnToolsVersion = 12.5.1;
					};
				};
			};
			buildConfigurationList = 069BB00026E9F6A700F4E00D /* Build configuration list for PBXProject "OtokuEveryday" */;
			compatibilityVersion = "Xcode 9.3";
			developmentRegion = en;
			hasScannedForEncodings = 0;
			knownRegions = (
				en,
				Base,
			);
			mainGroup = 069BAFFC26E9F6A700F4E00D;
			productRefGroup = 069BB00626E9F6A700F4E00D /* Products */;
			projectDirPath = "";
			projectReferences = (
				{
					ProductGroup = 06CDF07A2CCFE62C00624948 /* Products */;
					ProjectRef = 06CDF0772CCFE62C00624948 /* RedMoon2021.xcodeproj */;
				},
			);
			projectRoot = "";
			targets = (
				069BB00426E9F6A700F4E00D /* OtokuEveryday */,
			);
		};
/* End PBXProject section */

/* Begin PBXReferenceProxy section */
		06CDF0802CCFE62D00624948 /* RedMoon2021.app */ = {
			isa = PBXReferenceProxy;
			fileType = wrapper.application;
			path = RedMoon2021.app;
			remoteRef = 06CDF07F2CCFE62D00624948 /* PBXContainerItemProxy */;
			sourceTree = BUILT_PRODUCTS_DIR;
		};
		06CDF0822CCFE62D00624948 /* RedMoon2021Tests_1.xctest */ = {
			isa = PBXReferenceProxy;
			fileType = wrapper.cfbundle;
			path = RedMoon2021Tests_1.xctest;
			remoteRef = 06CDF0812CCFE62D00624948 /* PBXContainerItemProxy */;
			sourceTree = BUILT_PRODUCTS_DIR;
		};
		06CDF0842CCFE62D00624948 /* RedMoon2021UITests.xctest */ = {
			isa = PBXReferenceProxy;
			fileType = wrapper.cfbundle;
			path = RedMoon2021UITests.xctest;
			remoteRef = 06CDF0832CCFE62D00624948 /* PBXContainerItemProxy */;
			sourceTree = BUILT_PRODUCTS_DIR;
		};
/* End PBXReferenceProxy section */

/* Begin PBXResourcesBuildPhase section */
		069BB00326E9F6A700F4E00D /* Resources */ = {
			isa = PBXResourcesBuildPhase;
			buildActionMask = 2147483647;
			files = (
			);
			runOnlyForDeploymentPostprocessing = 0;
		};
/* End PBXResourcesBuildPhase section */

/* Begin PBXShellScriptBuildPhase section */
		499D4C0652D6EAFED4BF7C5B /* [CP] Embed Pods Frameworks */ = {
			isa = PBXShellScriptBuildPhase;
			buildActionMask = 2147483647;
			files = (
			);
			inputFileListPaths = (
				"${PODS_ROOT}/Target Support Files/Pods-RedMoon2021/Pods-RedMoon2021-frameworks-${CONFIGURATION}-input-files.xcfilelist",
			);
			name = "[CP] Embed Pods Frameworks";
			outputFileListPaths = (
				"${PODS_ROOT}/Target Support Files/Pods-RedMoon2021/Pods-RedMoon2021-frameworks-${CONFIGURATION}-output-files.xcfilelist",
			);
			runOnlyForDeploymentPostprocessing = 0;
			shellPath = /bin/sh;
			shellScript = "\"${PODS_ROOT}/Target Support Files/Pods-RedMoon2021/Pods-RedMoon2021-frameworks.sh\"\n";
			showEnvVarsInLog = 0;
		};
		7579A7DEA2594CDC3D8C2128 /* [CP] Check Pods Manifest.lock */ = {
			isa = PBXShellScriptBuildPhase;
			buildActionMask = 2147483647;
			files = (
			);
			inputFileListPaths = (
			);
			inputPaths = (
				"${PODS_PODFILE_DIR_PATH}/Podfile.lock",
				"${PODS_ROOT}/Manifest.lock",
			);
			name = "[CP] Check Pods Manifest.lock";
			outputFileListPaths = (
			);
			outputPaths = (
				"$(DERIVED_FILE_DIR)/Pods-RedMoon2021-checkManifestLockResult.txt",
			);
			runOnlyForDeploymentPostprocessing = 0;
			shellPath = /bin/sh;
			shellScript = "diff \"${PODS_PODFILE_DIR_PATH}/Podfile.lock\" \"${PODS_ROOT}/Manifest.lock\" > /dev/null\nif [ $? != 0 ] ; then\n    # print error to STDERR\n    echo \"error: The sandbox is not in sync with the Podfile.lock. Run 'pod install' or update your CocoaPods installation.\" >&2\n    exit 1\nfi\n# This output is used by Xcode 'outputs' to avoid re-running this script phase.\necho \"SUCCESS\" > \"${SCRIPT_OUTPUT_FILE_0}\"\n";
			showEnvVarsInLog = 0;
		};
/* End PBXShellScriptBuildPhase section */

/* Begin PBXSourcesBuildPhase section */
		069BB00126E9F6A700F4E00D /* Sources */ = {
			isa = PBXSourcesBuildPhase;
			buildActionMask = 2147483647;
			files = (
			);
			runOnlyForDeploymentPostprocessing = 0;
		};
/* End PBXSourcesBuildPhase section */

/* Begin XCBuildConfiguration section */
		069BB01726E9F6A800F4E00D /* Debug */ = {
			isa = XCBuildConfiguration;
			buildSettings = {
				ALWAYS_SEARCH_USER_PATHS = NO;
				CLANG_ANALYZER_NONNULL = YES;
				CLANG_ANALYZER_NUMBER_OBJECT_CONVERSION = YES_AGGRESSIVE;
				CLANG_CXX_LANGUAGE_STANDARD = "gnu++14";
				CLANG_CXX_LIBRARY = "libc++";
				CLANG_ENABLE_MODULES = YES;
				CLANG_ENABLE_OBJC_ARC = YES;
				CLANG_ENABLE_OBJC_WEAK = YES;
				CLANG_WARN_BLOCK_CAPTURE_AUTORELEASING = YES;
				CLANG_WARN_BOOL_CONVERSION = YES;
				CLANG_WARN_COMMA = YES;
				CLANG_WARN_CONSTANT_CONVERSION = YES;
				CLANG_WARN_DEPRECATED_OBJC_IMPLEMENTATIONS = YES;
				CLANG_WARN_DIRECT_OBJC_ISA_USAGE = YES_ERROR;
				CLANG_WARN_DOCUMENTATION_COMMENTS = YES;
				CLANG_WARN_EMPTY_BODY = YES;
				CLANG_WARN_ENUM_CONVERSION = YES;
				CLANG_WARN_INFINITE_RECURSION = YES;
				CLANG_WARN_INT_CONVERSION = YES;
				CLANG_WARN_NON_LITERAL_NULL_CONVERSION = YES;
				CLANG_WARN_OBJC_IMPLICIT_RETAIN_SELF = YES;
				CLANG_WARN_OBJC_LITERAL_CONVERSION = YES;
				CLANG_WARN_OBJC_ROOT_CLASS = YES_ERROR;
				CLANG_WARN_QUOTED_INCLUDE_IN_FRAMEWORK_HEADER = YES;
				CLANG_WARN_RANGE_LOOP_ANALYSIS = YES;
				CLANG_WARN_STRICT_PROTOTYPES = YES;
				CLANG_WARN_SUSPICIOUS_MOVE = YES;
				CLANG_WARN_UNGUARDED_AVAILABILITY = YES_AGGRESSIVE;
				CLANG_WARN_UNREACHABLE_CODE = YES;
				CLANG_WARN__DUPLICATE_METHOD_MATCH = YES;
				COPY_PHASE_STRIP = NO;
				DEBUG_INFORMATION_FORMAT = dwarf;
				ENABLE_STRICT_OBJC_MSGSEND = YES;
				ENABLE_TESTABILITY = YES;
				GCC_C_LANGUAGE_STANDARD = gnu11;
				GCC_DYNAMIC_NO_PIC = NO;
				GCC_NO_COMMON_BLOCKS = YES;
				GCC_OPTIMIZATION_LEVEL = 0;
				GCC_PREPROCESSOR_DEFINITIONS = (
					"DEBUG=1",
					"$(inherited)",
				);
				GCC_WARN_64_TO_32_BIT_CONVERSION = YES;
				GCC_WARN_ABOUT_RETURN_TYPE = YES_ERROR;
				GCC_WARN_UNDECLARED_SELECTOR = YES;
				GCC_WARN_UNINITIALIZED_AUTOS = YES_AGGRESSIVE;
				GCC_WARN_UNUSED_FUNCTION = YES;
				GCC_WARN_UNUSED_VARIABLE = YES;
				IPHONEOS_DEPLOYMENT_TARGET = 14.5;
				MTL_ENABLE_DEBUG_INFO = INCLUDE_SOURCE;
				MTL_FAST_MATH = YES;
				ONLY_ACTIVE_ARCH = YES;
				SDKROOT = iphoneos;
				SWIFT_ACTIVE_COMPILATION_CONDITIONS = DEBUG;
				SWIFT_OPTIMIZATION_LEVEL = "-Onone";
			};
			name = Debug;
		};
		069BB01826E9F6A800F4E00D /* Release */ = {
			isa = XCBuildConfiguration;
			buildSettings = {
				ALWAYS_SEARCH_USER_PATHS = NO;
				CLANG_ANALYZER_NONNULL = YES;
				CLANG_ANALYZER_NUMBER_OBJECT_CONVERSION = YES_AGGRESSIVE;
				CLANG_CXX_LANGUAGE_STANDARD = "gnu++14";
				CLANG_CXX_LIBRARY = "libc++";
				CLANG_ENABLE_MODULES = YES;
				CLANG_ENABLE_OBJC_ARC = YES;
				CLANG_ENABLE_OBJC_WEAK = YES;
				CLANG_WARN_BLOCK_CAPTURE_AUTORELEASING = YES;
				CLANG_WARN_BOOL_CONVERSION = YES;
				CLANG_WARN_COMMA = YES;
				CLANG_WARN_CONSTANT_CONVERSION = YES;
				CLANG_WARN_DEPRECATED_OBJC_IMPLEMENTATIONS = YES;
				CLANG_WARN_DIRECT_OBJC_ISA_USAGE = YES_ERROR;
				CLANG_WARN_DOCUMENTATION_COMMENTS = YES;
				CLANG_WARN_EMPTY_BODY = YES;
				CLANG_WARN_ENUM_CONVERSION = YES;
				CLANG_WARN_INFINITE_RECURSION = YES;
				CLANG_WARN_INT_CONVERSION = YES;
				CLANG_WARN_NON_LITERAL_NULL_CONVERSION = YES;
				CLANG_WARN_OBJC_IMPLICIT_RETAIN_SELF = YES;
				CLANG_WARN_OBJC_LITERAL_CONVERSION = YES;
				CLANG_WARN_OBJC_ROOT_CLASS = YES_ERROR;
				CLANG_WARN_QUOTED_INCLUDE_IN_FRAMEWORK_HEADER = YES;
				CLANG_WARN_RANGE_LOOP_ANALYSIS = YES;
				CLANG_WARN_STRICT_PROTOTYPES = YES;
				CLANG_WARN_SUSPICIOUS_MOVE = YES;
				CLANG_WARN_UNGUARDED_AVAILABILITY = YES_AGGRESSIVE;
				CLANG_WARN_UNREACHABLE_CODE = YES;
				CLANG_WARN__DUPLICATE_METHOD_MATCH = YES;
				COPY_PHASE_STRIP = NO;
				DEBUG_INFORMATION_FORMAT = "dwarf-with-dsym";
				ENABLE_NS_ASSERTIONS = NO;
				ENABLE_STRICT_OBJC_MSGSEND = YES;
				GCC_C_LANGUAGE_STANDARD = gnu11;
				GCC_NO_COMMON_BLOCKS = YES;
				GCC_WARN_64_TO_32_BIT_CONVERSION = YES;
				GCC_WARN_ABOUT_RETURN_TYPE = YES_ERROR;
				GCC_WARN_UNDECLARED_SELECTOR = YES;
				GCC_WARN_UNINITIALIZED_AUTOS = YES_AGGRESSIVE;
				GCC_WARN_UNUSED_FUNCTION = YES;
				GCC_WARN_UNUSED_VARIABLE = YES;
				IPHONEOS_DEPLOYMENT_TARGET = 14.5;
				MTL_ENABLE_DEBUG_INFO = NO;
				MTL_FAST_MATH = YES;
				SDKROOT = iphoneos;
				SWIFT_COMPILATION_MODE = wholemodule;
				SWIFT_OPTIMIZATION_LEVEL = "-O";
				VALIDATE_PRODUCT = YES;
			};
			name = Release;
		};
		069BB01A26E9F6A800F4E00D /* Debug */ = {
			isa = XCBuildConfiguration;
			baseConfigurationReference = 98F755B2A63F2185C6476F8B /* Pods-RedMoon2021.debug.xcconfig */;
			buildSettings = {
				ASSETCATALOG_COMPILER_APPICON_NAME = AppIcon;
				ASSETCATALOG_COMPILER_GLOBAL_ACCENT_COLOR_NAME = AccentColor;
				ASSETCATALOG_COMPILER_INCLUDE_ALL_APPICON_ASSETS = YES;
				CODE_SIGN_ENTITLEMENTS = OtokuEveryday/OtokuEveryday.entitlements;
				CODE_SIGN_IDENTITY = "Apple Development";
				CODE_SIGN_STYLE = Automatic;
				CURRENT_PROJECT_VERSION = 17;
				DEVELOPMENT_TEAM = ZXL7C6CP2D;
				INFOPLIST_FILE = OtokuEveryday/Info.plist;
				IPHONEOS_DEPLOYMENT_TARGET = 14.5;
				LD_RUNPATH_SEARCH_PATHS = (
					"$(inherited)",
					"@executable_path/Frameworks",
				);
				MARKETING_VERSION = 2.4.1;
				PRODUCT_BUNDLE_IDENTIFIER = com.gmail.a.ueda0523.OtokuEveryday;
				PRODUCT_NAME = "$(TARGET_NAME)";
				PROVISIONING_PROFILE_SPECIFIER = "";
				SWIFT_VERSION = 5.0;
				TARGETED_DEVICE_FAMILY = 1;
			};
			name = Debug;
		};
		069BB01B26E9F6A800F4E00D /* Release */ = {
			isa = XCBuildConfiguration;
			baseConfigurationReference = E3416715B6B02577B8D1E2AC /* Pods-RedMoon2021.release.xcconfig */;
			buildSettings = {
				ASSETCATALOG_COMPILER_APPICON_NAME = AppIcon;
				ASSETCATALOG_COMPILER_GLOBAL_ACCENT_COLOR_NAME = AccentColor;
				ASSETCATALOG_COMPILER_INCLUDE_ALL_APPICON_ASSETS = YES;
				CODE_SIGN_ENTITLEMENTS = OtokuEveryday/OtokuEveryday.entitlements;
				CODE_SIGN_IDENTITY = "Apple Development";
				CODE_SIGN_STYLE = Automatic;
				CURRENT_PROJECT_VERSION = 17;
				DEVELOPMENT_TEAM = ZXL7C6CP2D;
				INFOPLIST_FILE = OtokuEveryday/Info.plist;
				IPHONEOS_DEPLOYMENT_TARGET = 14.5;
				LD_RUNPATH_SEARCH_PATHS = (
					"$(inherited)",
					"@executable_path/Frameworks",
				);
				MARKETING_VERSION = 2.4.1;
				PRODUCT_BUNDLE_IDENTIFIER = com.gmail.a.ueda0523.OtokuEveryday;
				PRODUCT_NAME = "$(TARGET_NAME)";
				PROVISIONING_PROFILE_SPECIFIER = "";
				SWIFT_VERSION = 5.0;
				TARGETED_DEVICE_FAMILY = 1;
			};
			name = Release;
		};
/* End XCBuildConfiguration section */

/* Begin XCConfigurationList section */
		069BB00026E9F6A700F4E00D /* Build configuration list for PBXProject "OtokuEveryday" */ = {
			isa = XCConfigurationList;
			buildConfigurations = (
				069BB01726E9F6A800F4E00D /* Debug */,
				069BB01826E9F6A800F4E00D /* Release */,
			);
			defaultConfigurationIsVisible = 0;
			defaultConfigurationName = Release;
		};
		069BB01926E9F6A800F4E00D /* Build configuration list for PBXNativeTarget "OtokuEveryday" */ = {
			isa = XCConfigurationList;
			buildConfigurations = (
				069BB01A26E9F6A800F4E00D /* Debug */,
				069BB01B26E9F6A800F4E00D /* Release */,
			);
			defaultConfigurationIsVisible = 0;
			defaultConfigurationName = Release;
		};
/* End XCConfigurationList section */
	};
	rootObject = 069BAFFD26E9F6A700F4E00D /* Project object */;
}
